
Microsoft Visual Studio Solution File, Format Version 12.00
# Visual Studio Version 17
VisualStudioVersion = 17.6.33815.320
MinimumVisualStudioVersion = 10.0.40219.1
Project("{FAE04EC0-301F-11D3-BF4B-00C04F79EFBC}") = "CodeBase.API", "CodeBase.API\CodeBase.API.csproj", "{435A6E44-7D7E-403F-80A6-D9B9834B82A5}"
EndProject
Project("{FAE04EC0-301F-11D3-BF4B-00C04F79EFBC}") = "CodeBase.Services", "CodeBase.Services\CodeBase.Services.csproj", "{5E950D72-C3EF-4FF2-90FB-C14579985666}"
EndProject
Project("{FAE04EC0-301F-11D3-BF4B-00C04F79EFBC}") = "CodeBase.Models", "CodeBase.Models\CodeBase.Models.csproj", "{AB19F808-C4AE-4004-B80B-E3AC9AF02BC7}"
EndProject
Project("{FAE04EC0-301F-11D3-BF4B-00C04F79EFBC}") = "CodeBase.Helpers", "CodeBase.Helpers\CodeBase.Helpers.csproj", "{59AED261-FB0B-47DA-9C22-69E149248B6B}"
EndProject
Global
	GlobalSection(SolutionConfigurationPlatforms) = preSolution
		Debug|Any CPU = Debug|Any CPU
		Release|Any CPU = Release|Any CPU
	EndGlobalSection
	GlobalSection(ProjectConfigurationPlatforms) = postSolution
		{435A6E44-7D7E-403F-80A6-D9B9834B82A5}.Debug|Any CPU.ActiveCfg = Debug|Any CPU
		{435A6E44-7D7E-403F-80A6-D9B9834B82A5}.Debug|Any CPU.Build.0 = Debug|Any CPU
		{435A6E44-7D7E-403F-80A6-D9B9834B82A5}.Release|Any CPU.ActiveCfg = Release|Any CPU
		{435A6E44-7D7E-403F-80A6-D9B9834B82A5}.Release|Any CPU.Build.0 = Release|Any CPU
		{5E950D72-C3EF-4FF2-90FB-C14579985666}.Debug|Any CPU.ActiveCfg = Debug|Any CPU
		{5E950D72-C3EF-4FF2-90FB-C14579985666}.Debug|Any CPU.Build.0 = Debug|Any CPU
		{5E950D72-C3EF-4FF2-90FB-C14579985666}.Release|Any CPU.ActiveCfg = Release|Any CPU
		{5E950D72-C3EF-4FF2-90FB-C14579985666}.Release|Any CPU.Build.0 = Release|Any CPU
		{AB19F808-C4AE-4004-B80B-E3AC9AF02BC7}.Debug|Any CPU.ActiveCfg = Debug|Any CPU
		{AB19F808-C4AE-4004-B80B-E3AC9AF02BC7}.Debug|Any CPU.Build.0 = Debug|Any CPU
		{AB19F808-C4AE-4004-B80B-E3AC9AF02BC7}.Release|Any CPU.ActiveCfg = Release|Any CPU
		{AB19F808-C4AE-4004-B80B-E3AC9AF02BC7}.Release|Any CPU.Build.0 = Release|Any CPU
		{59AED261-FB0B-47DA-9C22-69E149248B6B}.Debug|Any CPU.ActiveCfg = Debug|Any CPU
		{59AED261-FB0B-47DA-9C22-69E149248B6B}.Debug|Any CPU.Build.0 = Debug|Any CPU
		{59AED261-FB0B-47DA-9C22-69E149248B6B}.Release|Any CPU.ActiveCfg = Release|Any CPU
		{59AED261-FB0B-47DA-9C22-69E149248B6B}.Release|Any CPU.Build.0 = Release|Any CPU
	EndGlobalSection
	GlobalSection(SolutionProperties) = preSolution
		HideSolutionNode = FALSE
	EndGlobalSection
	GlobalSection(ExtensibilityGlobals) = postSolution
		SolutionGuid = {D11B1B02-0645-4E25-9F63-C3BCE1819D05}
	EndGlobalSection
EndGlobal
